// !$*UTF8*$!
{
	archiveVersion = 1;
	classes = {
	};
	objectVersion = 77;
	objects = {

/* Begin PBXContainerItemProxy section */
		CF3FFBFC2CACA5C900D9E942 /* PBXContainerItemProxy */ = {
			isa = PBXContainerItemProxy;
			containerPortal = CF3FFBDD2CACA5C500D9E942 /* Project object */;
			proxyType = 1;
			remoteGlobalIDString = CF3FFBE42CACA5C500D9E942;
			remoteInfo = JWeather;
		};
		CF3FFC062CACA5C900D9E942 /* PBXContainerItemProxy */ = {
			isa = PBXContainerItemProxy;
			containerPortal = CF3FFBDD2CACA5C500D9E942 /* Project object */;
			proxyType = 1;
			remoteGlobalIDString = CF3FFBE42CACA5C500D9E942;
			remoteInfo = JWeather;
		};
/* End PBXContainerItemProxy section */

/* Begin PBXFileReference section */
		CF3FFBE52CACA5C500D9E942 /* JWeather.app */ = {isa = PBXFileReference; explicitFileType = wrapper.application; includeInIndex = 0; path = JWeather.app; sourceTree = BUILT_PRODUCTS_DIR; };
		CF3FFBFB2CACA5C900D9E942 /* JWeatherTests.xctest */ = {isa = PBXFileReference; explicitFileType = wrapper.cfbundle; includeInIndex = 0; path = JWeatherTests.xctest; sourceTree = BUILT_PRODUCTS_DIR; };
		CF3FFC052CACA5C900D9E942 /* JWeatherUITests.xctest */ = {isa = PBXFileReference; explicitFileType = wrapper.cfbundle; includeInIndex = 0; path = JWeatherUITests.xctest; sourceTree = BUILT_PRODUCTS_DIR; };
/* End PBXFileReference section */

/* Begin PBXFileSystemSynchronizedRootGroup section */
		CF3FFBE72CACA5C500D9E942 /* JWeather */ = {
			isa = PBXFileSystemSynchronizedRootGroup;
			path = JWeather;
			sourceTree = "<group>";
		};
		CF3FFBFE2CACA5C900D9E942 /* JWeatherTests */ = {
			isa = PBXFileSystemSynchronizedRootGroup;
			path = JWeatherTests;
			sourceTree = "<group>";
		};
		CF3FFC082CACA5C900D9E942 /* JWeatherUITests */ = {
			isa = PBXFileSystemSynchronizedRootGroup;
			path = JWeatherUITests;
			sourceTree = "<group>";
		};
/* End PBXFileSystemSynchronizedRootGroup section */

/* Begin PBXFrameworksBuildPhase section */
		CF3FFBE22CACA5C500D9E942 /* Frameworks */ = {
			isa = PBXFrameworksBuildPhase;
			buildActionMask = 2147483647;
			files = (
			);
			runOnlyForDeploymentPostprocessing = 0;
		};
		CF3FFBF82CACA5C900D9E942 /* Frameworks */ = {
			isa = PBXFrameworksBuildPhase;
			buildActionMask = 2147483647;
			files = (
			);
			runOnlyForDeploymentPostprocessing = 0;
		};
		CF3FFC022CACA5C900D9E942 /* Frameworks */ = {
			isa = PBXFrameworksBuildPhase;
			buildActionMask = 2147483647;
			files = (
			);
			runOnlyForDeploymentPostprocessing = 0;
		};
/* End PBXFrameworksBuildPhase section */

/* Begin PBXGroup section */
		CF3FFBDC2CACA5C500D9E942 = {
			isa = PBXGroup;
			children = (
				CF3FFBE72CACA5C500D9E942 /* JWeather */,
				CF3FFBFE2CACA5C900D9E942 /* JWeatherTests */,
				CF3FFC082CACA5C900D9E942 /* JWeatherUITests */,
				CF3FFBE62CACA5C500D9E942 /* Products */,
			);
			sourceTree = "<group>";
		};
		CF3FFBE62CACA5C500D9E942 /* Products */ = {
			isa = PBXGroup;
			children = (
				CF3FFBE52CACA5C500D9E942 /* JWeather.app */,
				CF3FFBFB2CACA5C900D9E942 /* JWeatherTests.xctest */,
				CF3FFC052CACA5C900D9E942 /* JWeatherUITests.xctest */,
			);
			name = Products;
			sourceTree = "<group>";
		};
/* End PBXGroup section */

/* Begin PBXNativeTarget section */
		CF3FFBE42CACA5C500D9E942 /* JWeather */ = {
			isa = PBXNativeTarget;
			buildConfigurationList = CF3FFC0F2CACA5C900D9E942 /* Build configuration list for PBXNativeTarget "JWeather" */;
			buildPhases = (
				CF3FFBE12CACA5C500D9E942 /* Sources */,
				CF3FFBE22CACA5C500D9E942 /* Frameworks */,
				CF3FFBE32CACA5C500D9E942 /* Resources */,
			);
			buildRules = (
			);
			dependencies = (
			);
			fileSystemSynchronizedGroups = (
				CF3FFBE72CACA5C500D9E942 /* JWeather */,
			);
			name = JWeather;
			packageProductDependencies = (
			);
			productName = JWeather;
			productReference = CF3FFBE52CACA5C500D9E942 /* JWeather.app */;
			productType = "com.apple.product-type.application";
		};
		CF3FFBFA2CACA5C900D9E942 /* JWeatherTests */ = {
			isa = PBXNativeTarget;
			buildConfigurationList = CF3FFC122CACA5C900D9E942 /* Build configuration list for PBXNativeTarget "JWeatherTests" */;
			buildPhases = (
				CF3FFBF72CACA5C900D9E942 /* Sources */,
				CF3FFBF82CACA5C900D9E942 /* Frameworks */,
				CF3FFBF92CACA5C900D9E942 /* Resources */,
			);
			buildRules = (
			);
			dependencies = (
				CF3FFBFD2CACA5C900D9E942 /* PBXTargetDependency */,
			);
			fileSystemSynchronizedGroups = (
				CF3FFBFE2CACA5C900D9E942 /* JWeatherTests */,
			);
			name = JWeatherTests;
			packageProductDependencies = (
			);
			productName = JWeatherTests;
			productReference = CF3FFBFB2CACA5C900D9E942 /* JWeatherTests.xctest */;
			productType = "com.apple.product-type.bundle.unit-test";
		};
		CF3FFC042CACA5C900D9E942 /* JWeatherUITests */ = {
			isa = PBXNativeTarget;
			buildConfigurationList = CF3FFC152CACA5C900D9E942 /* Build configuration list for PBXNativeTarget "JWeatherUITests" */;
			buildPhases = (
				CF3FFC012CACA5C900D9E942 /* Sources */,
				CF3FFC022CACA5C900D9E942 /* Frameworks */,
				CF3FFC032CACA5C900D9E942 /* Resources */,
			);
			buildRules = (
			);
			dependencies = (
				CF3FFC072CACA5C900D9E942 /* PBXTargetDependency */,
			);
			fileSystemSynchronizedGroups = (
				CF3FFC082CACA5C900D9E942 /* JWeatherUITests */,
			);
			name = JWeatherUITests;
			packageProductDependencies = (
			);
			productName = JWeatherUITests;
			productReference = CF3FFC052CACA5C900D9E942 /* JWeatherUITests.xctest */;
			productType = "com.apple.product-type.bundle.ui-testing";
		};
/* End PBXNativeTarget section */

/* Begin PBXProject section */
		CF3FFBDD2CACA5C500D9E942 /* Project object */ = {
			isa = PBXProject;
			attributes = {
				BuildIndependentTargetsInParallel = 1;
				LastSwiftUpdateCheck = 1600;
				LastUpgradeCheck = 1600;
				TargetAttributes = {
					CF3FFBE42CACA5C500D9E942 = {
						CreatedOnToolsVersion = 16.0;
					};
					CF3FFBFA2CACA5C900D9E942 = {
						CreatedOnToolsVersion = 16.0;
						TestTargetID = CF3FFBE42CACA5C500D9E942;
					};
					CF3FFC042CACA5C900D9E942 = {
						CreatedOnToolsVersion = 16.0;
						TestTargetID = CF3FFBE42CACA5C500D9E942;
					};
				};
			};
			buildConfigurationList = CF3FFBE02CACA5C500D9E942 /* Build configuration list for PBXProject "JWeather" */;
			developmentRegion = en;
			hasScannedForEncodings = 0;
			knownRegions = (
				en,
				Base,
			);
			mainGroup = CF3FFBDC2CACA5C500D9E942;
			minimizedProjectReferenceProxies = 1;
			preferredProjectObjectVersion = 77;
			productRefGroup = CF3FFBE62CACA5C500D9E942 /* Products */;
			projectDirPath = "";
			projectRoot = "";
			targets = (
				CF3FFBE42CACA5C500D9E942 /* JWeather */,
				CF3FFBFA2CACA5C900D9E942 /* JWeatherTests */,
				CF3FFC042CACA5C900D9E942 /* JWeatherUITests */,
			);
		};
/* End PBXProject section */

/* Begin PBXResourcesBuildPhase section */
		CF3FFBE32CACA5C500D9E942 /* Resources */ = {
			isa = PBXResourcesBuildPhase;
			buildActionMask = 2147483647;
			files = (
			);
			runOnlyForDeploymentPostprocessing = 0;
		};
		CF3FFBF92CACA5C900D9E942 /* Resources */ = {
			isa = PBXResourcesBuildPhase;
			buildActionMask = 2147483647;
			files = (
			);
			runOnlyForDeploymentPostprocessing = 0;
		};
		CF3FFC032CACA5C900D9E942 /* Resources */ = {
			isa = PBXResourcesBuildPhase;
			buildActionMask = 2147483647;
			files = (
			);
			runOnlyForDeploymentPostprocessing = 0;
		};
/* End PBXResourcesBuildPhase section */

/* Begin PBXSourcesBuildPhase section */
		CF3FFBE12CACA5C500D9E942 /* Sources */ = {
			isa = PBXSourcesBuildPhase;
			buildActionMask = 2147483647;
			files = (
			);
			runOnlyForDeploymentPostprocessing = 0;
		};
		CF3FFBF72CACA5C900D9E942 /* Sources */ = {
			isa = PBXSourcesBuildPhase;
			buildActionMask = 2147483647;
			files = (
			);
			runOnlyForDeploymentPostprocessing = 0;
		};
		CF3FFC012CACA5C900D9E942 /* Sources */ = {
			isa = PBXSourcesBuildPhase;
			buildActionMask = 2147483647;
			files = (
			);
			runOnlyForDeploymentPostprocessing = 0;
		};
/* End PBXSourcesBuildPhase section */

/* Begin PBXTargetDependency section */
		CF3FFBFD2CACA5C900D9E942 /* PBXTargetDependency */ = {
			isa = PBXTargetDependency;
			target = CF3FFBE42CACA5C500D9E942 /* JWeather */;
			targetProxy = CF3FFBFC2CACA5C900D9E942 /* PBXContainerItemProxy */;
		};
		CF3FFC072CACA5C900D9E942 /* PBXTargetDependency */ = {
			isa = PBXTargetDependency;
			target = CF3FFBE42CACA5C500D9E942 /* JWeather */;
			targetProxy = CF3FFC062CACA5C900D9E942 /* PBXContainerItemProxy */;
		};
/* End PBXTargetDependency section */

/* Begin XCBuildConfiguration section */
		CF3FFC0D2CACA5C900D9E942 /* Debug */ = {
			isa = XCBuildConfiguration;
			buildSettings = {
				ALWAYS_SEARCH_USER_PATHS = NO;
				ASSETCATALOG_COMPILER_GENERATE_SWIFT_ASSET_SYMBOL_EXTENSIONS = YES;
				CLANG_ANALYZER_NONNULL = YES;
				CLANG_ANALYZER_NUMBER_OBJECT_CONVERSION = YES_AGGRESSIVE;
				CLANG_CXX_LANGUAGE_STANDARD = "gnu++20";
				CLANG_ENABLE_MODULES = YES;
				CLANG_ENABLE_OBJC_ARC = YES;
				CLANG_ENABLE_OBJC_WEAK = YES;
				CLANG_WARN_BLOCK_CAPTURE_AUTORELEASING = YES;
				CLANG_WARN_BOOL_CONVERSION = YES;
				CLANG_WARN_COMMA = YES;
				CLANG_WARN_CONSTANT_CONVERSION = YES;
				CLANG_WARN_DEPRECATED_OBJC_IMPLEMENTATIONS = YES;
				CLANG_WARN_DIRECT_OBJC_ISA_USAGE = YES_ERROR;
				CLANG_WARN_DOCUMENTATION_COMMENTS = YES;
				CLANG_WARN_EMPTY_BODY = YES;
				CLANG_WARN_ENUM_CONVERSION = YES;
				CLANG_WARN_INFINITE_RECURSION = YES;
				CLANG_WARN_INT_CONVERSION = YES;
				CLANG_WARN_NON_LITERAL_NULL_CONVERSION = YES;
				CLANG_WARN_OBJC_IMPLICIT_RETAIN_SELF = YES;
				CLANG_WARN_OBJC_LITERAL_CONVERSION = YES;
				CLANG_WARN_OBJC_ROOT_CLASS = YES_ERROR;
				CLANG_WARN_QUOTED_INCLUDE_IN_FRAMEWORK_HEADER = YES;
				CLANG_WARN_RANGE_LOOP_ANALYSIS = YES;
				CLANG_WARN_STRICT_PROTOTYPES = YES;
				CLANG_WARN_SUSPICIOUS_MOVE = YES;
				CLANG_WARN_UNGUARDED_AVAILABILITY = YES_AGGRESSIVE;
				CLANG_WARN_UNREACHABLE_CODE = YES;
				CLANG_WARN__DUPLICATE_METHOD_MATCH = YES;
				COPY_PHASE_STRIP = NO;
				DEBUG_INFORMATION_FORMAT = dwarf;
				ENABLE_STRICT_OBJC_MSGSEND = YES;
				ENABLE_TESTABILITY = YES;
				ENABLE_USER_SCRIPT_SANDBOXING = YES;
				GCC_C_LANGUAGE_STANDARD = gnu17;
				GCC_DYNAMIC_NO_PIC = NO;
				GCC_NO_COMMON_BLOCKS = YES;
				GCC_OPTIMIZATION_LEVEL = 0;
				GCC_PREPROCESSOR_DEFINITIONS = (
					"DEBUG=1",
					"$(inherited)",
				);
				GCC_WARN_64_TO_32_BIT_CONVERSION = YES;
				GCC_WARN_ABOUT_RETURN_TYPE = YES_ERROR;
				GCC_WARN_UNDECLARED_SELECTOR = YES;
				GCC_WARN_UNINITIALIZED_AUTOS = YES_AGGRESSIVE;
				GCC_WARN_UNUSED_FUNCTION = YES;
				GCC_WARN_UNUSED_VARIABLE = YES;
				LOCALIZATION_PREFERS_STRING_CATALOGS = YES;
				MACOSX_DEPLOYMENT_TARGET = 14.5;
				MTL_ENABLE_DEBUG_INFO = INCLUDE_SOURCE;
				MTL_FAST_MATH = YES;
				ONLY_ACTIVE_ARCH = YES;
				SDKROOT = iphoneos;
				SWIFT_ACTIVE_COMPILATION_CONDITIONS = "DEBUG $(inherited)";
				SWIFT_OPTIMIZATION_LEVEL = "-Onone";
			};
			name = Debug;
		};
		CF3FFC0E2CACA5C900D9E942 /* Release */ = {
			isa = XCBuildConfiguration;
			buildSettings = {
				ALWAYS_SEARCH_USER_PATHS = NO;
				ASSETCATALOG_COMPILER_GENERATE_SWIFT_ASSET_SYMBOL_EXTENSIONS = YES;
				CLANG_ANALYZER_NONNULL = YES;
				CLANG_ANALYZER_NUMBER_OBJECT_CONVERSION = YES_AGGRESSIVE;
				CLANG_CXX_LANGUAGE_STANDARD = "gnu++20";
				CLANG_ENABLE_MODULES = YES;
				CLANG_ENABLE_OBJC_ARC = YES;
				CLANG_ENABLE_OBJC_WEAK = YES;
				CLANG_WARN_BLOCK_CAPTURE_AUTORELEASING = YES;
				CLANG_WARN_BOOL_CONVERSION = YES;
				CLANG_WARN_COMMA = YES;
				CLANG_WARN_CONSTANT_CONVERSION = YES;
				CLANG_WARN_DEPRECATED_OBJC_IMPLEMENTATIONS = YES;
				CLANG_WARN_DIRECT_OBJC_ISA_USAGE = YES_ERROR;
				CLANG_WARN_DOCUMENTATION_COMMENTS = YES;
				CLANG_WARN_EMPTY_BODY = YES;
				CLANG_WARN_ENUM_CONVERSION = YES;
				CLANG_WARN_INFINITE_RECURSION = YES;
				CLANG_WARN_INT_CONVERSION = YES;
				CLANG_WARN_NON_LITERAL_NULL_CONVERSION = YES;
				CLANG_WARN_OBJC_IMPLICIT_RETAIN_SELF = YES;
				CLANG_WARN_OBJC_LITERAL_CONVERSION = YES;
				CLANG_WARN_OBJC_ROOT_CLASS = YES_ERROR;
				CLANG_WARN_QUOTED_INCLUDE_IN_FRAMEWORK_HEADER = YES;
				CLANG_WARN_RANGE_LOOP_ANALYSIS = YES;
				CLANG_WARN_STRICT_PROTOTYPES = YES;
				CLANG_WARN_SUSPICIOUS_MOVE = YES;
				CLANG_WARN_UNGUARDED_AVAILABILITY = YES_AGGRESSIVE;
				CLANG_WARN_UNREACHABLE_CODE = YES;
				CLANG_WARN__DUPLICATE_METHOD_MATCH = YES;
				COPY_PHASE_STRIP = NO;
				DEBUG_INFORMATION_FORMAT = "dwarf-with-dsym";
				ENABLE_NS_ASSERTIONS = NO;
				ENABLE_STRICT_OBJC_MSGSEND = YES;
				ENABLE_USER_SCRIPT_SANDBOXING = YES;
				GCC_C_LANGUAGE_STANDARD = gnu17;
				GCC_NO_COMMON_BLOCKS = YES;
				GCC_WARN_64_TO_32_BIT_CONVERSION = YES;
				GCC_WARN_ABOUT_RETURN_TYPE = YES_ERROR;
				GCC_WARN_UNDECLARED_SELECTOR = YES;
				GCC_WARN_UNINITIALIZED_AUTOS = YES_AGGRESSIVE;
				GCC_WARN_UNUSED_FUNCTION = YES;
				GCC_WARN_UNUSED_VARIABLE = YES;
				LOCALIZATION_PREFERS_STRING_CATALOGS = YES;
				MACOSX_DEPLOYMENT_TARGET = 14.5;
				MTL_ENABLE_DEBUG_INFO = NO;
				MTL_FAST_MATH = YES;
				SDKROOT = iphoneos;
				SWIFT_COMPILATION_MODE = wholemodule;
			};
			name = Release;
		};
		CF3FFC102CACA5C900D9E942 /* Debug */ = {
			isa = XCBuildConfiguration;
			buildSettings = {
				ASSETCATALOG_COMPILER_APPICON_NAME = AppIcon;
				ASSETCATALOG_COMPILER_GLOBAL_ACCENT_COLOR_NAME = AccentColor;
				CODE_SIGN_ENTITLEMENTS = JWeather/JWeather.entitlements;
				CODE_SIGN_STYLE = Automatic;
				COMBINE_HIDPI_IMAGES = YES;
				CURRENT_PROJECT_VERSION = 1;
				DEVELOPMENT_ASSET_PATHS = "\"JWeather/Preview Content\"";
				DEVELOPMENT_TEAM = ZRMFR6Z4V9;
				ENABLE_HARDENED_RUNTIME = YES;
				ENABLE_PREVIEWS = YES;
				GENERATE_INFOPLIST_FILE = YES;
				INFOPLIST_KEY_NSHumanReadableCopyright = "";
				INFOPLIST_KEY_NSLocationWhenInUseUsageDescription = "The app needs to access your location data to get the weather for your location.";
				INFOPLIST_KEY_UILaunchStoryboardName = LaunchScreen;
				LD_RUNPATH_SEARCH_PATHS = (
					"$(inherited)",
					"@executable_path/../Frameworks",
				);
				MARKETING_VERSION = 1.0;
				PRODUCT_BUNDLE_IDENTIFIER = jpickett95.JWeather;
				PRODUCT_NAME = "$(TARGET_NAME)";
				SUPPORTED_PLATFORMS = "iphonesimulator iphoneos";
				SUPPORTS_MACCATALYST = NO;
				SWIFT_EMIT_LOC_STRINGS = YES;
				SWIFT_VERSION = 5.0;
				TARGETED_DEVICE_FAMILY = "1,2";
			};
			name = Debug;
		};
		CF3FFC112CACA5C900D9E942 /* Release */ = {
			isa = XCBuildConfiguration;
			buildSettings = {
				ASSETCATALOG_COMPILER_APPICON_NAME = AppIcon;
				ASSETCATALOG_COMPILER_GLOBAL_ACCENT_COLOR_NAME = AccentColor;
				CODE_SIGN_ENTITLEMENTS = JWeather/JWeather.entitlements;
				CODE_SIGN_STYLE = Automatic;
				COMBINE_HIDPI_IMAGES = YES;
				CURRENT_PROJECT_VERSION = 1;
				DEVELOPMENT_ASSET_PATHS = "\"JWeather/Preview Content\"";
				DEVELOPMENT_TEAM = ZRMFR6Z4V9;
				ENABLE_HARDENED_RUNTIME = YES;
				ENABLE_PREVIEWS = YES;
				GENERATE_INFOPLIST_FILE = YES;
				INFOPLIST_KEY_NSHumanReadableCopyright = "";
				INFOPLIST_KEY_NSLocationWhenInUseUsageDescription = "The app needs to access your location data to get the weather for your location.";
				INFOPLIST_KEY_UILaunchStoryboardName = LaunchScreen;
				LD_RUNPATH_SEARCH_PATHS = (
					"$(inherited)",
					"@executable_path/../Frameworks",
				);
				MARKETING_VERSION = 1.0;
				PRODUCT_BUNDLE_IDENTIFIER = jpickett95.JWeather;
				PRODUCT_NAME = "$(TARGET_NAME)";
				SUPPORTED_PLATFORMS = "iphonesimulator iphoneos";
				SUPPORTS_MACCATALYST = NO;
				SWIFT_EMIT_LOC_STRINGS = YES;
				SWIFT_VERSION = 5.0;
				TARGETED_DEVICE_FAMILY = "1,2";
			};
			name = Release;
		};
		CF3FFC132CACA5C900D9E942 /* Debug */ = {
			isa = XCBuildConfiguration;
			buildSettings = {
				BUNDLE_LOADER = "$(TEST_HOST)";
				CODE_SIGN_STYLE = Automatic;
				CURRENT_PROJECT_VERSION = 1;
				DEVELOPMENT_TEAM = ZRMFR6Z4V9;
				GENERATE_INFOPLIST_FILE = YES;
				MACOSX_DEPLOYMENT_TARGET = 14.5;
				MARKETING_VERSION = 1.0;
				PRODUCT_BUNDLE_IDENTIFIER = jpickett95.JWeatherTests;
				PRODUCT_NAME = "$(TARGET_NAME)";
				SWIFT_EMIT_LOC_STRINGS = NO;
				SWIFT_VERSION = 5.0;
				TEST_HOST = "$(BUILT_PRODUCTS_DIR)/JWeather.app/$(BUNDLE_EXECUTABLE_FOLDER_PATH)/JWeather";
			};
			name = Debug;
		};
		CF3FFC142CACA5C900D9E942 /* Release */ = {
			isa = XCBuildConfiguration;
			buildSettings = {
				BUNDLE_LOADER = "$(TEST_HOST)";
				CODE_SIGN_STYLE = Automatic;
				CURRENT_PROJECT_VERSION = 1;
				DEVELOPMENT_TEAM = ZRMFR6Z4V9;
				GENERATE_INFOPLIST_FILE = YES;
				MACOSX_DEPLOYMENT_TARGET = 14.5;
				MARKETING_VERSION = 1.0;
				PRODUCT_BUNDLE_IDENTIFIER = jpickett95.JWeatherTests;
				PRODUCT_NAME = "$(TARGET_NAME)";
				SWIFT_EMIT_LOC_STRINGS = NO;
				SWIFT_VERSION = 5.0;
				TEST_HOST = "$(BUILT_PRODUCTS_DIR)/JWeather.app/$(BUNDLE_EXECUTABLE_FOLDER_PATH)/JWeather";
			};
			name = Release;
		};
		CF3FFC162CACA5C900D9E942 /* Debug */ = {
			isa = XCBuildConfiguration;
			buildSettings = {
				CODE_SIGN_STYLE = Automatic;
				CURRENT_PROJECT_VERSION = 1;
				DEVELOPMENT_TEAM = ZRMFR6Z4V9;
				GENERATE_INFOPLIST_FILE = YES;
				MARKETING_VERSION = 1.0;
				PRODUCT_BUNDLE_IDENTIFIER = jpickett95.JWeatherUITests;
				PRODUCT_NAME = "$(TARGET_NAME)";
				SWIFT_EMIT_LOC_STRINGS = NO;
				SWIFT_VERSION = 5.0;
				TEST_TARGET_NAME = JWeather;
			};
			name = Debug;
		};
		CF3FFC172CACA5C900D9E942 /* Release */ = {
			isa = XCBuildConfiguration;
			buildSettings = {
				CODE_SIGN_STYLE = Automatic;
				CURRENT_PROJECT_VERSION = 1;
				DEVELOPMENT_TEAM = ZRMFR6Z4V9;
				GENERATE_INFOPLIST_FILE = YES;
				MARKETING_VERSION = 1.0;
				PRODUCT_BUNDLE_IDENTIFIER = jpickett95.JWeatherUITests;
				PRODUCT_NAME = "$(TARGET_NAME)";
				SWIFT_EMIT_LOC_STRINGS = NO;
				SWIFT_VERSION = 5.0;
				TEST_TARGET_NAME = JWeather;
			};
			name = Release;
		};
/* End XCBuildConfiguration section */

/* Begin XCConfigurationList section */
		CF3FFBE02CACA5C500D9E942 /* Build configuration list for PBXProject "JWeather" */ = {
			isa = XCConfigurationList;
			buildConfigurations = (
				CF3FFC0D2CACA5C900D9E942 /* Debug */,
				CF3FFC0E2CACA5C900D9E942 /* Release */,
			);
			defaultConfigurationIsVisible = 0;
			defaultConfigurationName = Release;
		};
		CF3FFC0F2CACA5C900D9E942 /* Build configuration list for PBXNativeTarget "JWeather" */ = {
			isa = XCConfigurationList;
			buildConfigurations = (
				CF3FFC102CACA5C900D9E942 /* Debug */,
				CF3FFC112CACA5C900D9E942 /* Release */,
			);
			defaultConfigurationIsVisible = 0;
			defaultConfigurationName = Release;
		};
		CF3FFC122CACA5C900D9E942 /* Build configuration list for PBXNativeTarget "JWeatherTests" */ = {
			isa = XCConfigurationList;
			buildConfigurations = (
				CF3FFC132CACA5C900D9E942 /* Debug */,
				CF3FFC142CACA5C900D9E942 /* Release */,
			);
			defaultConfigurationIsVisible = 0;
			defaultConfigurationName = Release;
		};
		CF3FFC152CACA5C900D9E942 /* Build configuration list for PBXNativeTarget "JWeatherUITests" */ = {
			isa = XCConfigurationList;
			buildConfigurations = (
				CF3FFC162CACA5C900D9E942 /* Debug */,
				CF3FFC172CACA5C900D9E942 /* Release */,
			);
			defaultConfigurationIsVisible = 0;
			defaultConfigurationName = Release;
		};
/* End XCConfigurationList section */
	};
	rootObject = CF3FFBDD2CACA5C500D9E942 /* Project object */;
}
